Microsoft Visual Studio Solution File, Format Version 12.00
# Visual Studio 14
VisualStudioVersion = 14.0.25420.1
MinimumVisualStudioVersion = 10.0.40219.1
Project("{FAE04EC0-301F-11D3-BF4B-00C04F79EFBC}") = "Myrtille.Common", "Myrtille.Common\Myrtille.Common.csproj", "{37630774-1321-4E6A-8661-4430A8946E9E}"
EndProject
Project("{FAE04EC0-301F-11D3-BF4B-00C04F79EFBC}") = "Myrtille.Web", "Myrtille.Web\Myrtille.Web.csproj", "{F00C33EB-EDA4-4980-AC2A-0BF574913A24}"
EndProject
Project("{54435603-DBB4-11D2-8724-00A0C9A8B90C}") = "Myrtille.Setup", "Myrtille.Setup\Myrtille.Setup.vdproj", "{C12076FA-B3EF-4C62-841B-BE7BF6E4754B}"
EndProject
Project("{FAE04EC0-301F-11D3-BF4B-00C04F79EFBC}") = "Myrtille.Services", "Myrtille.Services\Myrtille.Services.csproj", "{5F357488-8DEF-4E95-874E-FC526D92DE29}"
EndProject
Project("{2150E333-8FDC-42A3-9474-1A3956D46DE8}") = "Myrtille.Documents", "Myrtille.Documents", "{DF086F4D-FE52-459E-9267-4B5A3D347375}"
	ProjectSection(SolutionItems) = preProject
		CHANGELOG = CHANGELOG
		DISCLAIMERS.md = DISCLAIMERS.md
		DOCUMENTATION.md = DOCUMENTATION.md
		LICENSE = LICENSE
		README.md = README.md
	EndProjectSection
EndProject
Project("{FAE04EC0-301F-11D3-BF4B-00C04F79EFBC}") = "Myrtille.OASISOTPAdapter", "Myrtille.OASISOTPAdapter\Myrtille.OASISOTPAdapter.csproj", "{8174D4CB-C5FD-464E-B5E9-4DDE36243505}"
EndProject
Project("{FAE04EC0-301F-11D3-BF4B-00C04F79EFBC}") = "Myrtille.Enterprise", "Myrtille.Enterprise\Myrtille.Enterprise.csproj", "{2EE62C9A-754D-4061-ADEF-F6744A762F0A}"
EndProject
Project("{54435603-DBB4-11D2-8724-00A0C9A8B90C}") = "Myrtille.Setup_x86", "Myrtille.Setup_x86\Myrtille.Setup_x86.vdproj", "{26B29F8C-D362-4EC7-9A54-32C1508AA11D}"
EndProject
Global
	GlobalSection(SolutionConfigurationPlatforms) = preSolution
		Debug|.NET = Debug|.NET
		Debug|Any CPU = Debug|Any CPU
		Debug|Mixed Platforms = Debug|Mixed Platforms
		Debug|Win32 = Debug|Win32
		Debug|x64 = Debug|x64
		Debug|x86 = Debug|x86
		Release|.NET = Release|.NET
		Release|Any CPU = Release|Any CPU
		Release|Mixed Platforms = Release|Mixed Platforms
		Release|Win32 = Release|Win32
		Release|x64 = Release|x64
		Release|x86 = Release|x86
	EndGlobalSection
	GlobalSection(ProjectConfigurationPlatforms) = postSolution
		{37630774-1321-4E6A-8661-4430A8946E9E}.Debug|.NET.ActiveCfg = Debug|Any CPU
		{37630774-1321-4E6A-8661-4430A8946E9E}.Debug|.NET.Build.0 = Debug|Any CPU
		{37630774-1321-4E6A-8661-4430A8946E9E}.Debug|Any CPU.ActiveCfg = Debug|Any CPU
		{37630774-1321-4E6A-8661-4430A8946E9E}.Debug|Any CPU.Build.0 = Debug|Any CPU
		{37630774-1321-4E6A-8661-4430A8946E9E}.Debug|Mixed Platforms.ActiveCfg = Debug|Any CPU
		{37630774-1321-4E6A-8661-4430A8946E9E}.Debug|Mixed Platforms.Build.0 = Debug|Any CPU
		{37630774-1321-4E6A-8661-4430A8946E9E}.Debug|Win32.ActiveCfg = Debug|Any CPU
		{37630774-1321-4E6A-8661-4430A8946E9E}.Debug|x64.ActiveCfg = Debug|Any CPU
		{37630774-1321-4E6A-8661-4430A8946E9E}.Debug|x86.ActiveCfg = Debug|Any CPU
		{37630774-1321-4E6A-8661-4430A8946E9E}.Release|.NET.ActiveCfg = Release|Any CPU
		{37630774-1321-4E6A-8661-4430A8946E9E}.Release|.NET.Build.0 = Release|Any CPU
		{37630774-1321-4E6A-8661-4430A8946E9E}.Release|Any CPU.ActiveCfg = Release|Any CPU
		{37630774-1321-4E6A-8661-4430A8946E9E}.Release|Any CPU.Build.0 = Release|Any CPU
		{37630774-1321-4E6A-8661-4430A8946E9E}.Release|Mixed Platforms.ActiveCfg = Release|Any CPU
		{37630774-1321-4E6A-8661-4430A8946E9E}.Release|Mixed Platforms.Build.0 = Release|Any CPU
		{37630774-1321-4E6A-8661-4430A8946E9E}.Release|Win32.ActiveCfg = Release|Any CPU
		{37630774-1321-4E6A-8661-4430A8946E9E}.Release|x64.ActiveCfg = Release|Any CPU
		{37630774-1321-4E6A-8661-4430A8946E9E}.Release|x86.ActiveCfg = Release|Any CPU
		{F00C33EB-EDA4-4980-AC2A-0BF574913A24}.Debug|.NET.ActiveCfg = Debug|Any CPU
		{F00C33EB-EDA4-4980-AC2A-0BF574913A24}.Debug|.NET.Build.0 = Debug|Any CPU
		{F00C33EB-EDA4-4980-AC2A-0BF574913A24}.Debug|Any CPU.ActiveCfg = Debug|Any CPU
		{F00C33EB-EDA4-4980-AC2A-0BF574913A24}.Debug|Any CPU.Build.0 = Debug|Any CPU
		{F00C33EB-EDA4-4980-AC2A-0BF574913A24}.Debug|Mixed Platforms.ActiveCfg = Debug|Any CPU
		{F00C33EB-EDA4-4980-AC2A-0BF574913A24}.Debug|Mixed Platforms.Build.0 = Debug|Any CPU
		{F00C33EB-EDA4-4980-AC2A-0BF574913A24}.Debug|Win32.ActiveCfg = Debug|Any CPU
		{F00C33EB-EDA4-4980-AC2A-0BF574913A24}.Debug|x64.ActiveCfg = Debug|Any CPU
		{F00C33EB-EDA4-4980-AC2A-0BF574913A24}.Debug|x86.ActiveCfg = Debug|Any CPU
		{F00C33EB-EDA4-4980-AC2A-0BF574913A24}.Release|.NET.ActiveCfg = Release|Any CPU
		{F00C33EB-EDA4-4980-AC2A-0BF574913A24}.Release|.NET.Build.0 = Release|Any CPU
		{F00C33EB-EDA4-4980-AC2A-0BF574913A24}.Release|Any CPU.ActiveCfg = Release|Any CPU
		{F00C33EB-EDA4-4980-AC2A-0BF574913A24}.Release|Any CPU.Build.0 = Release|Any CPU
		{F00C33EB-EDA4-4980-AC2A-0BF574913A24}.Release|Mixed Platforms.ActiveCfg = Release|Any CPU
		{F00C33EB-EDA4-4980-AC2A-0BF574913A24}.Release|Mixed Platforms.Build.0 = Release|Any CPU
		{F00C33EB-EDA4-4980-AC2A-0BF574913A24}.Release|Win32.ActiveCfg = Release|Any CPU
		{F00C33EB-EDA4-4980-AC2A-0BF574913A24}.Release|x64.ActiveCfg = Release|Any CPU
		{F00C33EB-EDA4-4980-AC2A-0BF574913A24}.Release|x86.ActiveCfg = Release|Any CPU
		{C12076FA-B3EF-4C62-841B-BE7BF6E4754B}.Debug|.NET.ActiveCfg = Debug
		{C12076FA-B3EF-4C62-841B-BE7BF6E4754B}.Debug|Any CPU.ActiveCfg = Debug
		{C12076FA-B3EF-4C62-841B-BE7BF6E4754B}.Debug|Mixed Platforms.ActiveCfg = Debug
		{C12076FA-B3EF-4C62-841B-BE7BF6E4754B}.Debug|Win32.ActiveCfg = Debug
		{C12076FA-B3EF-4C62-841B-BE7BF6E4754B}.Debug|x64.ActiveCfg = Debug
		{C12076FA-B3EF-4C62-841B-BE7BF6E4754B}.Debug|x86.ActiveCfg = Debug
		{C12076FA-B3EF-4C62-841B-BE7BF6E4754B}.Debug|x86.Build.0 = Debug
		{C12076FA-B3EF-4C62-841B-BE7BF6E4754B}.Release|.NET.ActiveCfg = Release
		{C12076FA-B3EF-4C62-841B-BE7BF6E4754B}.Release|Any CPU.ActiveCfg = Release
		{C12076FA-B3EF-4C62-841B-BE7BF6E4754B}.Release|Mixed Platforms.ActiveCfg = Release
		{C12076FA-B3EF-4C62-841B-BE7BF6E4754B}.Release|Win32.ActiveCfg = Release
		{C12076FA-B3EF-4C62-841B-BE7BF6E4754B}.Release|x64.ActiveCfg = Release
		{C12076FA-B3EF-4C62-841B-BE7BF6E4754B}.Release|x86.ActiveCfg = Release
		{C12076FA-B3EF-4C62-841B-BE7BF6E4754B}.Release|x86.Build.0 = Release
		{5F357488-8DEF-4E95-874E-FC526D92DE29}.Debug|.NET.ActiveCfg = Debug|Any CPU
		{5F357488-8DEF-4E95-874E-FC526D92DE29}.Debug|Any CPU.ActiveCfg = Debug|Any CPU
		{5F357488-8DEF-4E95-874E-FC526D92DE29}.Debug|Any CPU.Build.0 = Debug|Any CPU
		{5F357488-8DEF-4E95-874E-FC526D92DE29}.Debug|Mixed Platforms.ActiveCfg = Debug|Any CPU
		{5F357488-8DEF-4E95-874E-FC526D92DE29}.Debug|Mixed Platforms.Build.0 = Debug|Any CPU
		{5F357488-8DEF-4E95-874E-FC526D92DE29}.Debug|Win32.ActiveCfg = Debug|Any CPU
		{5F357488-8DEF-4E95-874E-FC526D92DE29}.Debug|x64.ActiveCfg = Debug|Any CPU
		{5F357488-8DEF-4E95-874E-FC526D92DE29}.Debug|x86.ActiveCfg = Debug|Any CPU
		{5F357488-8DEF-4E95-874E-FC526D92DE29}.Release|.NET.ActiveCfg = Release|Any CPU
		{5F357488-8DEF-4E95-874E-FC526D92DE29}.Release|Any CPU.ActiveCfg = Release|Any CPU
		{5F357488-8DEF-4E95-874E-FC526D92DE29}.Release|Any CPU.Build.0 = Release|Any CPU
		{5F357488-8DEF-4E95-874E-FC526D92DE29}.Release|Mixed Platforms.ActiveCfg = Release|Any CPU
		{5F357488-8DEF-4E95-874E-FC526D92DE29}.Release|Mixed Platforms.Build.0 = Release|Any CPU
		{5F357488-8DEF-4E95-874E-FC526D92DE29}.Release|Win32.ActiveCfg = Release|Any CPU
		{5F357488-8DEF-4E95-874E-FC526D92DE29}.Release|x64.ActiveCfg = Release|Any CPU
		{5F357488-8DEF-4E95-874E-FC526D92DE29}.Release|x86.ActiveCfg = Release|Any CPU
		{8174D4CB-C5FD-464E-B5E9-4DDE36243505}.Debug|.NET.ActiveCfg = Debug|Any CPU
		{8174D4CB-C5FD-464E-B5E9-4DDE36243505}.Debug|.NET.Build.0 = Debug|Any CPU
		{8174D4CB-C5FD-464E-B5E9-4DDE36243505}.Debug|Any CPU.ActiveCfg = Debug|Any CPU
		{8174D4CB-C5FD-464E-B5E9-4DDE36243505}.Debug|Any CPU.Build.0 = Debug|Any CPU
		{8174D4CB-C5FD-464E-B5E9-4DDE36243505}.Debug|Mixed Platforms.ActiveCfg = Debug|Any CPU
		{8174D4CB-C5FD-464E-B5E9-4DDE36243505}.Debug|Mixed Platforms.Build.0 = Debug|Any CPU
		{8174D4CB-C5FD-464E-B5E9-4DDE36243505}.Debug|Win32.ActiveCfg = Debug|Any CPU
		{8174D4CB-C5FD-464E-B5E9-4DDE36243505}.Debug|Win32.Build.0 = Debug|Any CPU
		{8174D4CB-C5FD-464E-B5E9-4DDE36243505}.Debug|x64.ActiveCfg = Debug|Any CPU
		{8174D4CB-C5FD-464E-B5E9-4DDE36243505}.Debug|x64.Build.0 = Debug|Any CPU
		{8174D4CB-C5FD-464E-B5E9-4DDE36243505}.Debug|x86.ActiveCfg = Debug|Any CPU
		{8174D4CB-C5FD-464E-B5E9-4DDE36243505}.Debug|x86.Build.0 = Debug|Any CPU
		{8174D4CB-C5FD-464E-B5E9-4DDE36243505}.Release|.NET.ActiveCfg = Release|Any CPU
		{8174D4CB-C5FD-464E-B5E9-4DDE36243505}.Release|.NET.Build.0 = Release|Any CPU
		{8174D4CB-C5FD-464E-B5E9-4DDE36243505}.Release|Any CPU.ActiveCfg = Release|Any CPU
		{8174D4CB-C5FD-464E-B5E9-4DDE36243505}.Release|Any CPU.Build.0 = Release|Any CPU
		{8174D4CB-C5FD-464E-B5E9-4DDE36243505}.Release|Mixed Platforms.ActiveCfg = Release|Any CPU
		{8174D4CB-C5FD-464E-B5E9-4DDE36243505}.Release|Mixed Platforms.Build.0 = Release|Any CPU
		{8174D4CB-C5FD-464E-B5E9-4DDE36243505}.Release|Win32.ActiveCfg = Release|Any CPU
		{8174D4CB-C5FD-464E-B5E9-4DDE36243505}.Release|Win32.Build.0 = Release|Any CPU
		{8174D4CB-C5FD-464E-B5E9-4DDE36243505}.Release|x64.ActiveCfg = Release|Any CPU
		{8174D4CB-C5FD-464E-B5E9-4DDE36243505}.Release|x64.Build.0 = Release|Any CPU
		{8174D4CB-C5FD-464E-B5E9-4DDE36243505}.Release|x86.ActiveCfg = Release|Any CPU
		{8174D4CB-C5FD-464E-B5E9-4DDE36243505}.Release|x86.Build.0 = Release|Any CPU
		{2EE62C9A-754D-4061-ADEF-F6744A762F0A}.Debug|.NET.ActiveCfg = Debug|Any CPU
		{2EE62C9A-754D-4061-ADEF-F6744A762F0A}.Debug|.NET.Build.0 = Debug|Any CPU
		{2EE62C9A-754D-4061-ADEF-F6744A762F0A}.Debug|Any CPU.ActiveCfg = Debug|Any CPU
		{2EE62C9A-754D-4061-ADEF-F6744A762F0A}.Debug|Any CPU.Build.0 = Debug|Any CPU
		{2EE62C9A-754D-4061-ADEF-F6744A762F0A}.Debug|Mixed Platforms.ActiveCfg = Debug|Any CPU
		{2EE62C9A-754D-4061-ADEF-F6744A762F0A}.Debug|Mixed Platforms.Build.0 = Debug|Any CPU
		{2EE62C9A-754D-4061-ADEF-F6744A762F0A}.Debug|Win32.ActiveCfg = Debug|Any CPU
		{2EE62C9A-754D-4061-ADEF-F6744A762F0A}.Debug|Win32.Build.0 = Debug|Any CPU
		{2EE62C9A-754D-4061-ADEF-F6744A762F0A}.Debug|x64.ActiveCfg = Debug|Any CPU
		{2EE62C9A-754D-4061-ADEF-F6744A762F0A}.Debug|x64.Build.0 = Debug|Any CPU
		{2EE62C9A-754D-4061-ADEF-F6744A762F0A}.Debug|x86.ActiveCfg = Debug|Any CPU
		{2EE62C9A-754D-4061-ADEF-F6744A762F0A}.Debug|x86.Build.0 = Debug|Any CPU
		{2EE62C9A-754D-4061-ADEF-F6744A762F0A}.Release|.NET.ActiveCfg = Release|Any CPU
		{2EE62C9A-754D-4061-ADEF-F6744A762F0A}.Release|.NET.Build.0 = Release|Any CPU
		{2EE62C9A-754D-4061-ADEF-F6744A762F0A}.Release|Any CPU.ActiveCfg = Release|Any CPU
		{2EE62C9A-754D-4061-ADEF-F6744A762F0A}.Release|Any CPU.Build.0 = Release|Any CPU
		{2EE62C9A-754D-4061-ADEF-F6744A762F0A}.Release|Mixed Platforms.ActiveCfg = Release|Any CPU
		{2EE62C9A-754D-4061-ADEF-F6744A762F0A}.Release|Mixed Platforms.Build.0 = Release|Any CPU
		{2EE62C9A-754D-4061-ADEF-F6744A762F0A}.Release|Win32.ActiveCfg = Release|Any CPU
		{2EE62C9A-754D-4061-ADEF-F6744A762F0A}.Release|Win32.Build.0 = Release|Any CPU
		{2EE62C9A-754D-4061-ADEF-F6744A762F0A}.Release|x64.ActiveCfg = Release|Any CPU
		{2EE62C9A-754D-4061-ADEF-F6744A762F0A}.Release|x64.Build.0 = Release|Any CPU
		{2EE62C9A-754D-4061-ADEF-F6744A762F0A}.Release|x86.ActiveCfg = Release|Any CPU
		{2EE62C9A-754D-4061-ADEF-F6744A762F0A}.Release|x86.Build.0 = Release|Any CPU
		{26B29F8C-D362-4EC7-9A54-32C1508AA11D}.Debug|.NET.ActiveCfg = Debug
		{26B29F8C-D362-4EC7-9A54-32C1508AA11D}.Debug|.NET.Build.0 = Debug
		{26B29F8C-D362-4EC7-9A54-32C1508AA11D}.Debug|Any CPU.ActiveCfg = Debug
		{26B29F8C-D362-4EC7-9A54-32C1508AA11D}.Debug|Any CPU.Build.0 = Debug
		{26B29F8C-D362-4EC7-9A54-32C1508AA11D}.Debug|Mixed Platforms.ActiveCfg = Debug
		{26B29F8C-D362-4EC7-9A54-32C1508AA11D}.Debug|Mixed Platforms.Build.0 = Debug
		{26B29F8C-D362-4EC7-9A54-32C1508AA11D}.Debug|Win32.ActiveCfg = Debug
		{26B29F8C-D362-4EC7-9A54-32C1508AA11D}.Debug|Win32.Build.0 = Debug
		{26B29F8C-D362-4EC7-9A54-32C1508AA11D}.Debug|x64.ActiveCfg = Debug
		{26B29F8C-D362-4EC7-9A54-32C1508AA11D}.Debug|x64.Build.0 = Debug
		{26B29F8C-D362-4EC7-9A54-32C1508AA11D}.Debug|x86.ActiveCfg = Debug
		{26B29F8C-D362-4EC7-9A54-32C1508AA11D}.Debug|x86.Build.0 = Debug
		{26B29F8C-D362-4EC7-9A54-32C1508AA11D}.Release|.NET.ActiveCfg = Release
		{26B29F8C-D362-4EC7-9A54-32C1508AA11D}.Release|.NET.Build.0 = Release
		{26B29F8C-D362-4EC7-9A54-32C1508AA11D}.Release|Any CPU.ActiveCfg = Release
		{26B29F8C-D362-4EC7-9A54-32C1508AA11D}.Release|Any CPU.Build.0 = Release
		{26B29F8C-D362-4EC7-9A54-32C1508AA11D}.Release|Mixed Platforms.ActiveCfg = Release
		{26B29F8C-D362-4EC7-9A54-32C1508AA11D}.Release|Mixed Platforms.Build.0 = Release
		{26B29F8C-D362-4EC7-9A54-32C1508AA11D}.Release|Win32.ActiveCfg = Release
		{26B29F8C-D362-4EC7-9A54-32C1508AA11D}.Release|Win32.Build.0 = Release
		{26B29F8C-D362-4EC7-9A54-32C1508AA11D}.Release|x64.ActiveCfg = Release
		{26B29F8C-D362-4EC7-9A54-32C1508AA11D}.Release|x64.Build.0 = Release
		{26B29F8C-D362-4EC7-9A54-32C1508AA11D}.Release|x86.ActiveCfg = Release
		{26B29F8C-D362-4EC7-9A54-32C1508AA11D}.Release|x86.Build.0 = Release
	EndGlobalSection
	GlobalSection(SolutionProperties) = preSolution
		HideSolutionNode = FALSE
	EndGlobalSection
EndGlobal
